
Microsoft Visual Studio Solution File, Format Version 12.00
# Visual Studio Version 16
VisualStudioVersion = 16.0.29209.62
MinimumVisualStudioVersion = 10.0.40219.1
Project("{FAE04EC0-301F-11D3-BF4B-00C04F79EFBC}") = "FileDownloadSample", "FileDownloadSample\FileDownloadSample.csproj", "{4EE65AB8-2F72-491A-80EE-5486E9068813}"
EndProject
Global
	GlobalSection(SolutionConfigurationPlatforms) = preSolution
		Debug|Any CPU = Debug|Any CPU
		Release|Any CPU = Release|Any CPU
	EndGlobalSection
	GlobalSection(ProjectConfigurationPlatforms) = postSolution
		{4EE65AB8-2F72-491A-80EE-5486E9068813}.Debug|Any CPU.ActiveCfg = Debug|Any CPU
		{4EE65AB8-2F72-491A-80EE-5486E9068813}.Debug|Any CPU.Build.0 = Debug|Any CPU
		{4EE65AB8-2F72-491A-80EE-5486E9068813}.Release|Any CPU.ActiveCfg = Release|Any CPU
		{4EE65AB8-2F72-491A-80EE-5486E9068813}.Release|Any CPU.Build.0 = Release|Any CPU
	EndGlobalSection
	GlobalSection(SolutionProperties) = preSolution
		HideSolutionNode = FALSE
	EndGlobalSection
	GlobalSection(ExtensibilityGlobals) = postSolution
		SolutionGuid = {962A745B-B5C0-432F-9E39-7FC70B2724B9}
	EndGlobalSection
EndGlobal
